
Microsoft Visual Studio Solution File, Format Version 12.00
# Visual Studio Version 17
VisualStudioVersion = 17.13.35913.81 d17.13
MinimumVisualStudioVersion = 10.0.40219.1
Project("{FAE04EC0-301F-11D3-BF4B-00C04F79EFBC}") = "AdvocateAssist", "AdvocateAssist\AdvocateAssist.csproj", "{5797B31D-C41E-414A-88FA-64FAFAB5866D}"
EndProject
Global
	GlobalSection(SolutionConfigurationPlatforms) = preSolution
		Debug|Any CPU = Debug|Any CPU
		Release|Any CPU = Release|Any CPU
	EndGlobalSection
	GlobalSection(ProjectConfigurationPlatforms) = postSolution
		{5797B31D-C41E-414A-88FA-64FAFAB5866D}.Debug|Any CPU.ActiveCfg = Debug|Any CPU
		{5797B31D-C41E-414A-88FA-64FAFAB5866D}.Debug|Any CPU.Build.0 = Debug|Any CPU
		{5797B31D-C41E-414A-88FA-64FAFAB5866D}.Release|Any CPU.ActiveCfg = Release|Any CPU
		{5797B31D-C41E-414A-88FA-64FAFAB5866D}.Release|Any CPU.Build.0 = Release|Any CPU
	EndGlobalSection
	GlobalSection(SolutionProperties) = preSolution
		HideSolutionNode = FALSE
	EndGlobalSection
	GlobalSection(ExtensibilityGlobals) = postSolution
		SolutionGuid = {0E972D84-6F20-47B7-8CD6-3352E10F4771}
	EndGlobalSection
EndGlobal
